// !$*UTF8*$!
{
	archiveVersion = 1;
	classes = {
	};
	objectVersion = 55;
	objects = {

/* Begin PBXBuildFile section */
		650240E2281BCB8600F7CD28 /* URLSessionHttpClientTests.swift in Sources */ = {isa = PBXBuildFile; fileRef = 650240E1281BCB8600F7CD28 /* URLSessionHttpClientTests.swift */; };
		650240E5281FF64D00F7CD28 /* XCTestCase+MemoryLeakTracking.swift in Sources */ = {isa = PBXBuildFile; fileRef = 650240E4281FF64D00F7CD28 /* XCTestCase+MemoryLeakTracking.swift */; };
		653E839A28253DDE00FA6B02 /* URLSessionHttpClient.swift in Sources */ = {isa = PBXBuildFile; fileRef = 653E839928253DDE00FA6B02 /* URLSessionHttpClient.swift */; };
		6547B2B62819574D00186EF8 /* FeedItemMapper.swift in Sources */ = {isa = PBXBuildFile; fileRef = 6547B2B52819574D00186EF8 /* FeedItemMapper.swift */; };
		657562332809489E006C49FA /* FeedLoader.swift in Sources */ = {isa = PBXBuildFile; fileRef = 657562322809489D006C49FA /* FeedLoader.swift */; };
		65756237280D7676006C49FA /* RemoteFeedLoaderTests.swift in Sources */ = {isa = PBXBuildFile; fileRef = 65756236280D7675006C49FA /* RemoteFeedLoaderTests.swift */; };
		6575623B280D7D3A006C49FA /* HttpClient.swift in Sources */ = {isa = PBXBuildFile; fileRef = 6575623A280D7D3A006C49FA /* HttpClient.swift */; };
		65E768902806ABAB00F0AF24 /* AppDelegate.swift in Sources */ = {isa = PBXBuildFile; fileRef = 65E7688F2806ABAB00F0AF24 /* AppDelegate.swift */; };
		65E768922806ABAB00F0AF24 /* SceneDelegate.swift in Sources */ = {isa = PBXBuildFile; fileRef = 65E768912806ABAB00F0AF24 /* SceneDelegate.swift */; };
		65E768942806ABAB00F0AF24 /* FeedViewController.swift in Sources */ = {isa = PBXBuildFile; fileRef = 65E768932806ABAB00F0AF24 /* FeedViewController.swift */; };
		65E768972806ABAB00F0AF24 /* Main.storyboard in Resources */ = {isa = PBXBuildFile; fileRef = 65E768952806ABAB00F0AF24 /* Main.storyboard */; };
		65E768992806ABB100F0AF24 /* Assets.xcassets in Resources */ = {isa = PBXBuildFile; fileRef = 65E768982806ABB100F0AF24 /* Assets.xcassets */; };
		65E7689C2806ABB100F0AF24 /* LaunchScreen.storyboard in Resources */ = {isa = PBXBuildFile; fileRef = 65E7689A2806ABB100F0AF24 /* LaunchScreen.storyboard */; };
		65E768A72806ABB100F0AF24 /* FeedLoaderTests.swift in Sources */ = {isa = PBXBuildFile; fileRef = 65E768A62806ABB100F0AF24 /* FeedLoaderTests.swift */; };
		65E768B12806ABB100F0AF24 /* FeedLoaderUITests.swift in Sources */ = {isa = PBXBuildFile; fileRef = 65E768B02806ABB100F0AF24 /* FeedLoaderUITests.swift */; };
		65E768B32806ABB100F0AF24 /* FeedLoaderUITestsLaunchTests.swift in Sources */ = {isa = PBXBuildFile; fileRef = 65E768B22806ABB100F0AF24 /* FeedLoaderUITestsLaunchTests.swift */; };
		65E768C028082E3C00F0AF24 /* RemoteFeedLoader.swift in Sources */ = {isa = PBXBuildFile; fileRef = 65E768BF28082E3C00F0AF24 /* RemoteFeedLoader.swift */; };
		65E768C228082F6900F0AF24 /* LocalFeedLoader.swift in Sources */ = {isa = PBXBuildFile; fileRef = 65E768C128082F6900F0AF24 /* LocalFeedLoader.swift */; };
		65E768C42808304400F0AF24 /* Reachability.swift in Sources */ = {isa = PBXBuildFile; fileRef = 65E768C32808304400F0AF24 /* Reachability.swift */; };
		65E768C6280831B000F0AF24 /* RemoteWithLocalFallbackService.swift in Sources */ = {isa = PBXBuildFile; fileRef = 65E768C5280831B000F0AF24 /* RemoteWithLocalFallbackService.swift */; };
		65E768C82808514200F0AF24 /* FeedItem.swift in Sources */ = {isa = PBXBuildFile; fileRef = 65E768C72808514200F0AF24 /* FeedItem.swift */; };
/* End PBXBuildFile section */

/* Begin PBXContainerItemProxy section */
		65E768A32806ABB100F0AF24 /* PBXContainerItemProxy */ = {
			isa = PBXContainerItemProxy;
			containerPortal = 65E768842806ABAB00F0AF24 /* Project object */;
			proxyType = 1;
			remoteGlobalIDString = 65E7688B2806ABAB00F0AF24;
			remoteInfo = FeedLoader;
		};
		65E768AD2806ABB100F0AF24 /* PBXContainerItemProxy */ = {
			isa = PBXContainerItemProxy;
			containerPortal = 65E768842806ABAB00F0AF24 /* Project object */;
			proxyType = 1;
			remoteGlobalIDString = 65E7688B2806ABAB00F0AF24;
			remoteInfo = FeedLoader;
		};
/* End PBXContainerItemProxy section */

/* Begin PBXFileReference section */
		650240E1281BCB8600F7CD28 /* URLSessionHttpClientTests.swift */ = {isa = PBXFileReference; lastKnownFileType = sourcecode.swift; path = URLSessionHttpClientTests.swift; sourceTree = "<group>"; };
		650240E4281FF64D00F7CD28 /* XCTestCase+MemoryLeakTracking.swift */ = {isa = PBXFileReference; lastKnownFileType = sourcecode.swift; path = "XCTestCase+MemoryLeakTracking.swift"; sourceTree = "<group>"; };
		653E839928253DDE00FA6B02 /* URLSessionHttpClient.swift */ = {isa = PBXFileReference; lastKnownFileType = sourcecode.swift; path = URLSessionHttpClient.swift; sourceTree = "<group>"; };
		6547B2B52819574D00186EF8 /* FeedItemMapper.swift */ = {isa = PBXFileReference; lastKnownFileType = sourcecode.swift; path = FeedItemMapper.swift; sourceTree = "<group>"; };
		657562322809489D006C49FA /* FeedLoader.swift */ = {isa = PBXFileReference; lastKnownFileType = sourcecode.swift; path = FeedLoader.swift; sourceTree = "<group>"; };
		65756236280D7675006C49FA /* RemoteFeedLoaderTests.swift */ = {isa = PBXFileReference; lastKnownFileType = sourcecode.swift; path = RemoteFeedLoaderTests.swift; sourceTree = "<group>"; };
		6575623A280D7D3A006C49FA /* HttpClient.swift */ = {isa = PBXFileReference; lastKnownFileType = sourcecode.swift; path = HttpClient.swift; sourceTree = "<group>"; };
		65E7688C2806ABAB00F0AF24 /* FeedLoader.app */ = {isa = PBXFileReference; explicitFileType = wrapper.application; includeInIndex = 0; path = FeedLoader.app; sourceTree = BUILT_PRODUCTS_DIR; };
		65E7688F2806ABAB00F0AF24 /* AppDelegate.swift */ = {isa = PBXFileReference; lastKnownFileType = sourcecode.swift; path = AppDelegate.swift; sourceTree = "<group>"; };
		65E768912806ABAB00F0AF24 /* SceneDelegate.swift */ = {isa = PBXFileReference; lastKnownFileType = sourcecode.swift; path = SceneDelegate.swift; sourceTree = "<group>"; };
		65E768932806ABAB00F0AF24 /* FeedViewController.swift */ = {isa = PBXFileReference; lastKnownFileType = sourcecode.swift; path = FeedViewController.swift; sourceTree = "<group>"; };
		65E768962806ABAB00F0AF24 /* Base */ = {isa = PBXFileReference; lastKnownFileType = file.storyboard; name = Base; path = Base.lproj/Main.storyboard; sourceTree = "<group>"; };
		65E768982806ABB100F0AF24 /* Assets.xcassets */ = {isa = PBXFileReference; lastKnownFileType = folder.assetcatalog; path = Assets.xcassets; sourceTree = "<group>"; };
		65E7689B2806ABB100F0AF24 /* Base */ = {isa = PBXFileReference; lastKnownFileType = file.storyboard; name = Base; path = Base.lproj/LaunchScreen.storyboard; sourceTree = "<group>"; };
		65E7689D2806ABB100F0AF24 /* Info.plist */ = {isa = PBXFileReference; lastKnownFileType = text.plist.xml; path = Info.plist; sourceTree = "<group>"; };
		65E768A22806ABB100F0AF24 /* FeedLoaderTests.xctest */ = {isa = PBXFileReference; explicitFileType = wrapper.cfbundle; includeInIndex = 0; path = FeedLoaderTests.xctest; sourceTree = BUILT_PRODUCTS_DIR; };
		65E768A62806ABB100F0AF24 /* FeedLoaderTests.swift */ = {isa = PBXFileReference; lastKnownFileType = sourcecode.swift; path = FeedLoaderTests.swift; sourceTree = "<group>"; };
		65E768AC2806ABB100F0AF24 /* FeedLoaderUITests.xctest */ = {isa = PBXFileReference; explicitFileType = wrapper.cfbundle; includeInIndex = 0; path = FeedLoaderUITests.xctest; sourceTree = BUILT_PRODUCTS_DIR; };
		65E768B02806ABB100F0AF24 /* FeedLoaderUITests.swift */ = {isa = PBXFileReference; lastKnownFileType = sourcecode.swift; path = FeedLoaderUITests.swift; sourceTree = "<group>"; };
		65E768B22806ABB100F0AF24 /* FeedLoaderUITestsLaunchTests.swift */ = {isa = PBXFileReference; lastKnownFileType = sourcecode.swift; path = FeedLoaderUITestsLaunchTests.swift; sourceTree = "<group>"; };
		65E768BF28082E3C00F0AF24 /* RemoteFeedLoader.swift */ = {isa = PBXFileReference; lastKnownFileType = sourcecode.swift; path = RemoteFeedLoader.swift; sourceTree = "<group>"; };
		65E768C128082F6900F0AF24 /* LocalFeedLoader.swift */ = {isa = PBXFileReference; lastKnownFileType = sourcecode.swift; path = LocalFeedLoader.swift; sourceTree = "<group>"; };
		65E768C32808304400F0AF24 /* Reachability.swift */ = {isa = PBXFileReference; lastKnownFileType = sourcecode.swift; path = Reachability.swift; sourceTree = "<group>"; };
		65E768C5280831B000F0AF24 /* RemoteWithLocalFallbackService.swift */ = {isa = PBXFileReference; lastKnownFileType = sourcecode.swift; path = RemoteWithLocalFallbackService.swift; sourceTree = "<group>"; };
		65E768C72808514200F0AF24 /* FeedItem.swift */ = {isa = PBXFileReference; lastKnownFileType = sourcecode.swift; path = FeedItem.swift; sourceTree = "<group>"; };
/* End PBXFileReference section */

/* Begin PBXFrameworksBuildPhase section */
		65E768892806ABAB00F0AF24 /* Frameworks */ = {
			isa = PBXFrameworksBuildPhase;
			buildActionMask = 2147483647;
			files = (
			);
			runOnlyForDeploymentPostprocessing = 0;
		};
		65E7689F2806ABB100F0AF24 /* Frameworks */ = {
			isa = PBXFrameworksBuildPhase;
			buildActionMask = 2147483647;
			files = (
			);
			runOnlyForDeploymentPostprocessing = 0;
		};
		65E768A92806ABB100F0AF24 /* Frameworks */ = {
			isa = PBXFrameworksBuildPhase;
			buildActionMask = 2147483647;
			files = (
			);
			runOnlyForDeploymentPostprocessing = 0;
		};
/* End PBXFrameworksBuildPhase section */

/* Begin PBXGroup section */
		650240E3281FF60A00F7CD28 /* Helper */ = {
			isa = PBXGroup;
			children = (
				650240E4281FF64D00F7CD28 /* XCTestCase+MemoryLeakTracking.swift */,
			);
			path = Helper;
			sourceTree = "<group>";
		};
		6508D4012810163A0060A0D5 /* FeedAPI */ = {
			isa = PBXGroup;
			children = (
				65E768BF28082E3C00F0AF24 /* RemoteFeedLoader.swift */,
				6575623A280D7D3A006C49FA /* HttpClient.swift */,
				6547B2B52819574D00186EF8 /* FeedItemMapper.swift */,
				653E839928253DDE00FA6B02 /* URLSessionHttpClient.swift */,
			);
			path = FeedAPI;
			sourceTree = "<group>";
		};
		65756235280948C9006C49FA /* FeedFeature */ = {
			isa = PBXGroup;
			children = (
				65E768C72808514200F0AF24 /* FeedItem.swift */,
				657562322809489D006C49FA /* FeedLoader.swift */,
			);
			path = FeedFeature;
			sourceTree = "<group>";
		};
		65E768832806ABAB00F0AF24 = {
			isa = PBXGroup;
			children = (
				65E7688E2806ABAB00F0AF24 /* FeedLoader */,
				65E768A52806ABB100F0AF24 /* FeedLoaderTests */,
				65E768AF2806ABB100F0AF24 /* FeedLoaderUITests */,
				65E7688D2806ABAB00F0AF24 /* Products */,
			);
			sourceTree = "<group>";
		};
		65E7688D2806ABAB00F0AF24 /* Products */ = {
			isa = PBXGroup;
			children = (
				65E7688C2806ABAB00F0AF24 /* FeedLoader.app */,
				65E768A22806ABB100F0AF24 /* FeedLoaderTests.xctest */,
				65E768AC2806ABB100F0AF24 /* FeedLoaderUITests.xctest */,
			);
			name = Products;
			sourceTree = "<group>";
		};
		65E7688E2806ABAB00F0AF24 /* FeedLoader */ = {
			isa = PBXGroup;
			children = (
				6508D4012810163A0060A0D5 /* FeedAPI */,
				65756235280948C9006C49FA /* FeedFeature */,
				65E7688F2806ABAB00F0AF24 /* AppDelegate.swift */,
				65E768912806ABAB00F0AF24 /* SceneDelegate.swift */,
				65E768932806ABAB00F0AF24 /* FeedViewController.swift */,
				65E768C32808304400F0AF24 /* Reachability.swift */,
				65E768C5280831B000F0AF24 /* RemoteWithLocalFallbackService.swift */,
				65E768C128082F6900F0AF24 /* LocalFeedLoader.swift */,
				65E768952806ABAB00F0AF24 /* Main.storyboard */,
				65E768982806ABB100F0AF24 /* Assets.xcassets */,
				65E7689A2806ABB100F0AF24 /* LaunchScreen.storyboard */,
				65E7689D2806ABB100F0AF24 /* Info.plist */,
			);
			path = FeedLoader;
			sourceTree = "<group>";
		};
		65E768A52806ABB100F0AF24 /* FeedLoaderTests */ = {
			isa = PBXGroup;
			children = (
				650240E3281FF60A00F7CD28 /* Helper */,
				65E768A62806ABB100F0AF24 /* FeedLoaderTests.swift */,
				65756236280D7675006C49FA /* RemoteFeedLoaderTests.swift */,
				650240E1281BCB8600F7CD28 /* URLSessionHttpClientTests.swift */,
			);
			path = FeedLoaderTests;
			sourceTree = "<group>";
		};
		65E768AF2806ABB100F0AF24 /* FeedLoaderUITests */ = {
			isa = PBXGroup;
			children = (
				65E768B02806ABB100F0AF24 /* FeedLoaderUITests.swift */,
				65E768B22806ABB100F0AF24 /* FeedLoaderUITestsLaunchTests.swift */,
			);
			path = FeedLoaderUITests;
			sourceTree = "<group>";
		};
/* End PBXGroup section */

/* Begin PBXNativeTarget section */
		65E7688B2806ABAB00F0AF24 /* FeedLoader */ = {
			isa = PBXNativeTarget;
			buildConfigurationList = 65E768B62806ABB100F0AF24 /* Build configuration list for PBXNativeTarget "FeedLoader" */;
			buildPhases = (
				65E768882806ABAB00F0AF24 /* Sources */,
				65E768892806ABAB00F0AF24 /* Frameworks */,
				65E7688A2806ABAB00F0AF24 /* Resources */,
			);
			buildRules = (
			);
			dependencies = (
			);
			name = FeedLoader;
			productName = FeedLoader;
			productReference = 65E7688C2806ABAB00F0AF24 /* FeedLoader.app */;
			productType = "com.apple.product-type.application";
		};
		65E768A12806ABB100F0AF24 /* FeedLoaderTests */ = {
			isa = PBXNativeTarget;
			buildConfigurationList = 65E768B92806ABB100F0AF24 /* Build configuration list for PBXNativeTarget "FeedLoaderTests" */;
			buildPhases = (
				65E7689E2806ABB100F0AF24 /* Sources */,
				65E7689F2806ABB100F0AF24 /* Frameworks */,
				65E768A02806ABB100F0AF24 /* Resources */,
			);
			buildRules = (
			);
			dependencies = (
				65E768A42806ABB100F0AF24 /* PBXTargetDependency */,
			);
			name = FeedLoaderTests;
			productName = FeedLoaderTests;
			productReference = 65E768A22806ABB100F0AF24 /* FeedLoaderTests.xctest */;
			productType = "com.apple.product-type.bundle.unit-test";
		};
		65E768AB2806ABB100F0AF24 /* FeedLoaderUITests */ = {
			isa = PBXNativeTarget;
			buildConfigurationList = 65E768BC2806ABB100F0AF24 /* Build configuration list for PBXNativeTarget "FeedLoaderUITests" */;
			buildPhases = (
				65E768A82806ABB100F0AF24 /* Sources */,
				65E768A92806ABB100F0AF24 /* Frameworks */,
				65E768AA2806ABB100F0AF24 /* Resources */,
			);
			buildRules = (
			);
			dependencies = (
				65E768AE2806ABB100F0AF24 /* PBXTargetDependency */,
			);
			name = FeedLoaderUITests;
			productName = FeedLoaderUITests;
			productReference = 65E768AC2806ABB100F0AF24 /* FeedLoaderUITests.xctest */;
			productType = "com.apple.product-type.bundle.ui-testing";
		};
/* End PBXNativeTarget section */

/* Begin PBXProject section */
		65E768842806ABAB00F0AF24 /* Project object */ = {
			isa = PBXProject;
			attributes = {
				BuildIndependentTargetsInParallel = 1;
				LastSwiftUpdateCheck = 1320;
				LastUpgradeCheck = 1320;
				TargetAttributes = {
					65E7688B2806ABAB00F0AF24 = {
						CreatedOnToolsVersion = 13.2.1;
					};
					65E768A12806ABB100F0AF24 = {
						CreatedOnToolsVersion = 13.2.1;
						TestTargetID = 65E7688B2806ABAB00F0AF24;
					};
					65E768AB2806ABB100F0AF24 = {
						CreatedOnToolsVersion = 13.2.1;
						TestTargetID = 65E7688B2806ABAB00F0AF24;
					};
				};
			};
			buildConfigurationList = 65E768872806ABAB00F0AF24 /* Build configuration list for PBXProject "FeedLoader" */;
			compatibilityVersion = "Xcode 13.0";
			developmentRegion = en;
			hasScannedForEncodings = 0;
			knownRegions = (
				en,
				Base,
			);
			mainGroup = 65E768832806ABAB00F0AF24;
			productRefGroup = 65E7688D2806ABAB00F0AF24 /* Products */;
			projectDirPath = "";
			projectRoot = "";
			targets = (
				65E7688B2806ABAB00F0AF24 /* FeedLoader */,
				65E768A12806ABB100F0AF24 /* FeedLoaderTests */,
				65E768AB2806ABB100F0AF24 /* FeedLoaderUITests */,
			);
		};
/* End PBXProject section */

/* Begin PBXResourcesBuildPhase section */
		65E7688A2806ABAB00F0AF24 /* Resources */ = {
			isa = PBXResourcesBuildPhase;
			buildActionMask = 2147483647;
			files = (
				65E7689C2806ABB100F0AF24 /* LaunchScreen.storyboard in Resources */,
				65E768992806ABB100F0AF24 /* Assets.xcassets in Resources */,
				65E768972806ABAB00F0AF24 /* Main.storyboard in Resources */,
			);
			runOnlyForDeploymentPostprocessing = 0;
		};
		65E768A02806ABB100F0AF24 /* Resources */ = {
			isa = PBXResourcesBuildPhase;
			buildActionMask = 2147483647;
			files = (
			);
			runOnlyForDeploymentPostprocessing = 0;
		};
		65E768AA2806ABB100F0AF24 /* Resources */ = {
			isa = PBXResourcesBuildPhase;
			buildActionMask = 2147483647;
			files = (
			);
			runOnlyForDeploymentPostprocessing = 0;
		};
/* End PBXResourcesBuildPhase section */

/* Begin PBXSourcesBuildPhase section */
		65E768882806ABAB00F0AF24 /* Sources */ = {
			isa = PBXSourcesBuildPhase;
			buildActionMask = 2147483647;
			files = (
				6575623B280D7D3A006C49FA /* HttpClient.swift in Sources */,
				65E768C028082E3C00F0AF24 /* RemoteFeedLoader.swift in Sources */,
				65E768942806ABAB00F0AF24 /* FeedViewController.swift in Sources */,
				653E839A28253DDE00FA6B02 /* URLSessionHttpClient.swift in Sources */,
				65E768C42808304400F0AF24 /* Reachability.swift in Sources */,
				657562332809489E006C49FA /* FeedLoader.swift in Sources */,
				65E768902806ABAB00F0AF24 /* AppDelegate.swift in Sources */,
				65E768C82808514200F0AF24 /* FeedItem.swift in Sources */,
				65E768922806ABAB00F0AF24 /* SceneDelegate.swift in Sources */,
				65E768C6280831B000F0AF24 /* RemoteWithLocalFallbackService.swift in Sources */,
				6547B2B62819574D00186EF8 /* FeedItemMapper.swift in Sources */,
				65E768C228082F6900F0AF24 /* LocalFeedLoader.swift in Sources */,
			);
			runOnlyForDeploymentPostprocessing = 0;
		};
		65E7689E2806ABB100F0AF24 /* Sources */ = {
			isa = PBXSourcesBuildPhase;
			buildActionMask = 2147483647;
			files = (
				650240E2281BCB8600F7CD28 /* URLSessionHttpClientTests.swift in Sources */,
				650240E5281FF64D00F7CD28 /* XCTestCase+MemoryLeakTracking.swift in Sources */,
				65756237280D7676006C49FA /* RemoteFeedLoaderTests.swift in Sources */,
				65E768A72806ABB100F0AF24 /* FeedLoaderTests.swift in Sources */,
			);
			runOnlyForDeploymentPostprocessing = 0;
		};
		65E768A82806ABB100F0AF24 /* Sources */ = {
			isa = PBXSourcesBuildPhase;
			buildActionMask = 2147483647;
			files = (
				65E768B12806ABB100F0AF24 /* FeedLoaderUITests.swift in Sources */,
				65E768B32806ABB100F0AF24 /* FeedLoaderUITestsLaunchTests.swift in Sources */,
			);
			runOnlyForDeploymentPostprocessing = 0;
		};
/* End PBXSourcesBuildPhase section */

/* Begin PBXTargetDependency section */
		65E768A42806ABB100F0AF24 /* PBXTargetDependency */ = {
			isa = PBXTargetDependency;
			target = 65E7688B2806ABAB00F0AF24 /* FeedLoader */;
			targetProxy = 65E768A32806ABB100F0AF24 /* PBXContainerItemProxy */;
		};
		65E768AE2806ABB100F0AF24 /* PBXTargetDependency */ = {
			isa = PBXTargetDependency;
			target = 65E7688B2806ABAB00F0AF24 /* FeedLoader */;
			targetProxy = 65E768AD2806ABB100F0AF24 /* PBXContainerItemProxy */;
		};
/* End PBXTargetDependency section */

/* Begin PBXVariantGroup section */
		65E768952806ABAB00F0AF24 /* Main.storyboard */ = {
			isa = PBXVariantGroup;
			children = (
				65E768962806ABAB00F0AF24 /* Base */,
			);
			name = Main.storyboard;
			sourceTree = "<group>";
		};
		65E7689A2806ABB100F0AF24 /* LaunchScreen.storyboard */ = {
			isa = PBXVariantGroup;
			children = (
				65E7689B2806ABB100F0AF24 /* Base */,
			);
			name = LaunchScreen.storyboard;
			sourceTree = "<group>";
		};
/* End PBXVariantGroup section */

/* Begin XCBuildConfiguration section */
		65E768B42806ABB100F0AF24 /* Debug */ = {
			isa = XCBuildConfiguration;
			buildSettings = {
				ALWAYS_SEARCH_USER_PATHS = NO;
				CLANG_ANALYZER_NONNULL = YES;
				CLANG_ANALYZER_NUMBER_OBJECT_CONVERSION = YES_AGGRESSIVE;
				CLANG_CXX_LANGUAGE_STANDARD = "gnu++17";
				CLANG_CXX_LIBRARY = "libc++";
				CLANG_ENABLE_MODULES = YES;
				CLANG_ENABLE_OBJC_ARC = YES;
				CLANG_ENABLE_OBJC_WEAK = YES;
				CLANG_WARN_BLOCK_CAPTURE_AUTORELEASING = YES;
				CLANG_WARN_BOOL_CONVERSION = YES;
				CLANG_WARN_COMMA = YES;
				CLANG_WARN_CONSTANT_CONVERSION = YES;
				CLANG_WARN_DEPRECATED_OBJC_IMPLEMENTATIONS = YES;
				CLANG_WARN_DIRECT_OBJC_ISA_USAGE = YES_ERROR;
				CLANG_WARN_DOCUMENTATION_COMMENTS = YES;
				CLANG_WARN_EMPTY_BODY = YES;
				CLANG_WARN_ENUM_CONVERSION = YES;
				CLANG_WARN_INFINITE_RECURSION = YES;
				CLANG_WARN_INT_CONVERSION = YES;
				CLANG_WARN_NON_LITERAL_NULL_CONVERSION = YES;
				CLANG_WARN_OBJC_IMPLICIT_RETAIN_SELF = YES;
				CLANG_WARN_OBJC_LITERAL_CONVERSION = YES;
				CLANG_WARN_OBJC_ROOT_CLASS = YES_ERROR;
				CLANG_WARN_QUOTED_INCLUDE_IN_FRAMEWORK_HEADER = YES;
				CLANG_WARN_RANGE_LOOP_ANALYSIS = YES;
				CLANG_WARN_STRICT_PROTOTYPES = YES;
				CLANG_WARN_SUSPICIOUS_MOVE = YES;
				CLANG_WARN_UNGUARDED_AVAILABILITY = YES_AGGRESSIVE;
				CLANG_WARN_UNREACHABLE_CODE = YES;
				CLANG_WARN__DUPLICATE_METHOD_MATCH = YES;
				COPY_PHASE_STRIP = NO;
				DEBUG_INFORMATION_FORMAT = dwarf;
				ENABLE_STRICT_OBJC_MSGSEND = YES;
				ENABLE_TESTABILITY = YES;
				GCC_C_LANGUAGE_STANDARD = gnu11;
				GCC_DYNAMIC_NO_PIC = NO;
				GCC_NO_COMMON_BLOCKS = YES;
				GCC_OPTIMIZATION_LEVEL = 0;
				GCC_PREPROCESSOR_DEFINITIONS = (
					"DEBUG=1",
					"$(inherited)",
				);
				GCC_WARN_64_TO_32_BIT_CONVERSION = YES;
				GCC_WARN_ABOUT_RETURN_TYPE = YES_ERROR;
				GCC_WARN_UNDECLARED_SELECTOR = YES;
				GCC_WARN_UNINITIALIZED_AUTOS = YES_AGGRESSIVE;
				GCC_WARN_UNUSED_FUNCTION = YES;
				GCC_WARN_UNUSED_VARIABLE = YES;
				IPHONEOS_DEPLOYMENT_TARGET = 15.2;
				MTL_ENABLE_DEBUG_INFO = INCLUDE_SOURCE;
				MTL_FAST_MATH = YES;
				ONLY_ACTIVE_ARCH = YES;
				SDKROOT = iphoneos;
				SWIFT_ACTIVE_COMPILATION_CONDITIONS = DEBUG;
				SWIFT_OPTIMIZATION_LEVEL = "-Onone";
			};
			name = Debug;
		};
		65E768B52806ABB100F0AF24 /* Release */ = {
			isa = XCBuildConfiguration;
			buildSettings = {
				ALWAYS_SEARCH_USER_PATHS = NO;
				CLANG_ANALYZER_NONNULL = YES;
				CLANG_ANALYZER_NUMBER_OBJECT_CONVERSION = YES_AGGRESSIVE;
				CLANG_CXX_LANGUAGE_STANDARD = "gnu++17";
				CLANG_CXX_LIBRARY = "libc++";
				CLANG_ENABLE_MODULES = YES;
				CLANG_ENABLE_OBJC_ARC = YES;
				CLANG_ENABLE_OBJC_WEAK = YES;
				CLANG_WARN_BLOCK_CAPTURE_AUTORELEASING = YES;
				CLANG_WARN_BOOL_CONVERSION = YES;
				CLANG_WARN_COMMA = YES;
				CLANG_WARN_CONSTANT_CONVERSION = YES;
				CLANG_WARN_DEPRECATED_OBJC_IMPLEMENTATIONS = YES;
				CLANG_WARN_DIRECT_OBJC_ISA_USAGE = YES_ERROR;
				CLANG_WARN_DOCUMENTATION_COMMENTS = YES;
				CLANG_WARN_EMPTY_BODY = YES;
				CLANG_WARN_ENUM_CONVERSION = YES;
				CLANG_WARN_INFINITE_RECURSION = YES;
				CLANG_WARN_INT_CONVERSION = YES;
				CLANG_WARN_NON_LITERAL_NULL_CONVERSION = YES;
				CLANG_WARN_OBJC_IMPLICIT_RETAIN_SELF = YES;
				CLANG_WARN_OBJC_LITERAL_CONVERSION = YES;
				CLANG_WARN_OBJC_ROOT_CLASS = YES_ERROR;
				CLANG_WARN_QUOTED_INCLUDE_IN_FRAMEWORK_HEADER = YES;
				CLANG_WARN_RANGE_LOOP_ANALYSIS = YES;
				CLANG_WARN_STRICT_PROTOTYPES = YES;
				CLANG_WARN_SUSPICIOUS_MOVE = YES;
				CLANG_WARN_UNGUARDED_AVAILABILITY = YES_AGGRESSIVE;
				CLANG_WARN_UNREACHABLE_CODE = YES;
				CLANG_WARN__DUPLICATE_METHOD_MATCH = YES;
				COPY_PHASE_STRIP = NO;
				DEBUG_INFORMATION_FORMAT = "dwarf-with-dsym";
				ENABLE_NS_ASSERTIONS = NO;
				ENABLE_STRICT_OBJC_MSGSEND = YES;
				GCC_C_LANGUAGE_STANDARD = gnu11;
				GCC_NO_COMMON_BLOCKS = YES;
				GCC_WARN_64_TO_32_BIT_CONVERSION = YES;
				GCC_WARN_ABOUT_RETURN_TYPE = YES_ERROR;
				GCC_WARN_UNDECLARED_SELECTOR = YES;
				GCC_WARN_UNINITIALIZED_AUTOS = YES_AGGRESSIVE;
				GCC_WARN_UNUSED_FUNCTION = YES;
				GCC_WARN_UNUSED_VARIABLE = YES;
				IPHONEOS_DEPLOYMENT_TARGET = 15.2;
				MTL_ENABLE_DEBUG_INFO = NO;
				MTL_FAST_MATH = YES;
				SDKROOT = iphoneos;
				SWIFT_COMPILATION_MODE = wholemodule;
				SWIFT_OPTIMIZATION_LEVEL = "-O";
				VALIDATE_PRODUCT = YES;
			};
			name = Release;
		};
		65E768B72806ABB100F0AF24 /* Debug */ = {
			isa = XCBuildConfiguration;
			buildSettings = {
				ASSETCATALOG_COMPILER_APPICON_NAME = AppIcon;
				ASSETCATALOG_COMPILER_GLOBAL_ACCENT_COLOR_NAME = AccentColor;
				CODE_SIGN_STYLE = Automatic;
				CURRENT_PROJECT_VERSION = 1;
				DEVELOPMENT_TEAM = G5F599DRJV;
				GENERATE_INFOPLIST_FILE = YES;
				INFOPLIST_FILE = FeedLoader/Info.plist;
				INFOPLIST_KEY_UIApplicationSupportsIndirectInputEvents = YES;
				INFOPLIST_KEY_UILaunchStoryboardName = LaunchScreen;
				INFOPLIST_KEY_UIMainStoryboardFile = Main;
				INFOPLIST_KEY_UISupportedInterfaceOrientations_iPad = "UIInterfaceOrientationPortrait UIInterfaceOrientationPortraitUpsideDown UIInterfaceOrientationLandscapeLeft UIInterfaceOrientationLandscapeRight";
				INFOPLIST_KEY_UISupportedInterfaceOrientations_iPhone = "UIInterfaceOrientationPortrait UIInterfaceOrientationLandscapeLeft UIInterfaceOrientationLandscapeRight";
				LD_RUNPATH_SEARCH_PATHS = (
					"$(inherited)",
					"@executable_path/Frameworks",
				);
				MARKETING_VERSION = 1.0;
				PRODUCT_BUNDLE_IDENTIFIER = Amrit.FeedLoader;
				PRODUCT_NAME = "$(TARGET_NAME)";
				SWIFT_EMIT_LOC_STRINGS = YES;
				SWIFT_VERSION = 5.0;
				TARGETED_DEVICE_FAMILY = "1,2";
			};
			name = Debug;
		};
		65E768B82806ABB100F0AF24 /* Release */ = {
			isa = XCBuildConfiguration;
			buildSettings = {
				ASSETCATALOG_COMPILER_APPICON_NAME = AppIcon;
				ASSETCATALOG_COMPILER_GLOBAL_ACCENT_COLOR_NAME = AccentColor;
				CODE_SIGN_STYLE = Automatic;
				CURRENT_PROJECT_VERSION = 1;
				DEVELOPMENT_TEAM = G5F599DRJV;
				GENERATE_INFOPLIST_FILE = YES;
				INFOPLIST_FILE = FeedLoader/Info.plist;
				INFOPLIST_KEY_UIApplicationSupportsIndirectInputEvents = YES;
				INFOPLIST_KEY_UILaunchStoryboardName = LaunchScreen;
				INFOPLIST_KEY_UIMainStoryboardFile = Main;
				INFOPLIST_KEY_UISupportedInterfaceOrientations_iPad = "UIInterfaceOrientationPortrait UIInterfaceOrientationPortraitUpsideDown UIInterfaceOrientationLandscapeLeft UIInterfaceOrientationLandscapeRight";
				INFOPLIST_KEY_UISupportedInterfaceOrientations_iPhone = "UIInterfaceOrientationPortrait UIInterfaceOrientationLandscapeLeft UIInterfaceOrientationLandscapeRight";
				LD_RUNPATH_SEARCH_PATHS = (
					"$(inherited)",
					"@executable_path/Frameworks",
				);
				MARKETING_VERSION = 1.0;
				PRODUCT_BUNDLE_IDENTIFIER = Amrit.FeedLoader;
				PRODUCT_NAME = "$(TARGET_NAME)";
				SWIFT_EMIT_LOC_STRINGS = YES;
				SWIFT_VERSION = 5.0;
				TARGETED_DEVICE_FAMILY = "1,2";
			};
			name = Release;
		};
		65E768BA2806ABB100F0AF24 /* Debug */ = {
			isa = XCBuildConfiguration;
			buildSettings = {
				ALWAYS_EMBED_SWIFT_STANDARD_LIBRARIES = YES;
				BUNDLE_LOADER = "$(TEST_HOST)";
				CODE_SIGN_STYLE = Automatic;
				CURRENT_PROJECT_VERSION = 1;
				DEVELOPMENT_TEAM = G5F599DRJV;
				GENERATE_INFOPLIST_FILE = YES;
				IPHONEOS_DEPLOYMENT_TARGET = 15.2;
				MARKETING_VERSION = 1.0;
				PRODUCT_BUNDLE_IDENTIFIER = Amrit.FeedLoaderTests;
				PRODUCT_NAME = "$(TARGET_NAME)";
				SWIFT_EMIT_LOC_STRINGS = NO;
				SWIFT_VERSION = 5.0;
				TARGETED_DEVICE_FAMILY = "1,2";
				TEST_HOST = "$(BUILT_PRODUCTS_DIR)/FeedLoader.app/FeedLoader";
			};
			name = Debug;
		};
		65E768BB2806ABB100F0AF24 /* Release */ = {
			isa = XCBuildConfiguration;
			buildSettings = {
				ALWAYS_EMBED_SWIFT_STANDARD_LIBRARIES = YES;
				BUNDLE_LOADER = "$(TEST_HOST)";
				CODE_SIGN_STYLE = Automatic;
				CURRENT_PROJECT_VERSION = 1;
				DEVELOPMENT_TEAM = G5F599DRJV;
				GENERATE_INFOPLIST_FILE = YES;
				IPHONEOS_DEPLOYMENT_TARGET = 15.2;
				MARKETING_VERSION = 1.0;
				PRODUCT_BUNDLE_IDENTIFIER = Amrit.FeedLoaderTests;
				PRODUCT_NAME = "$(TARGET_NAME)";
				SWIFT_EMIT_LOC_STRINGS = NO;
				SWIFT_VERSION = 5.0;
				TARGETED_DEVICE_FAMILY = "1,2";
				TEST_HOST = "$(BUILT_PRODUCTS_DIR)/FeedLoader.app/FeedLoader";
			};
			name = Release;
		};
		65E768BD2806ABB100F0AF24 /* Debug */ = {
			isa = XCBuildConfiguration;
			buildSettings = {
				ALWAYS_EMBED_SWIFT_STANDARD_LIBRARIES = YES;
				CODE_SIGN_STYLE = Automatic;
				CURRENT_PROJECT_VERSION = 1;
				DEVELOPMENT_TEAM = G5F599DRJV;
				GENERATE_INFOPLIST_FILE = YES;
				MARKETING_VERSION = 1.0;
				PRODUCT_BUNDLE_IDENTIFIER = Amrit.FeedLoaderUITests;
				PRODUCT_NAME = "$(TARGET_NAME)";
				SWIFT_EMIT_LOC_STRINGS = NO;
				SWIFT_VERSION = 5.0;
				TARGETED_DEVICE_FAMILY = "1,2";
				TEST_TARGET_NAME = FeedLoader;
			};
			name = Debug;
		};
		65E768BE2806ABB100F0AF24 /* Release */ = {
			isa = XCBuildConfiguration;
			buildSettings = {
				ALWAYS_EMBED_SWIFT_STANDARD_LIBRARIES = YES;
				CODE_SIGN_STYLE = Automatic;
				CURRENT_PROJECT_VERSION = 1;
				DEVELOPMENT_TEAM = G5F599DRJV;
				GENERATE_INFOPLIST_FILE = YES;
				MARKETING_VERSION = 1.0;
				PRODUCT_BUNDLE_IDENTIFIER = Amrit.FeedLoaderUITests;
				PRODUCT_NAME = "$(TARGET_NAME)";
				SWIFT_EMIT_LOC_STRINGS = NO;
				SWIFT_VERSION = 5.0;
				TARGETED_DEVICE_FAMILY = "1,2";
				TEST_TARGET_NAME = FeedLoader;
			};
			name = Release;
		};
/* End XCBuildConfiguration section */

/* Begin XCConfigurationList section */
		65E768872806ABAB00F0AF24 /* Build configuration list for PBXProject "FeedLoader" */ = {
			isa = XCConfigurationList;
			buildConfigurations = (
				65E768B42806ABB100F0AF24 /* Debug */,
				65E768B52806ABB100F0AF24 /* Release */,
			);
			defaultConfigurationIsVisible = 0;
			defaultConfigurationName = Release;
		};
		65E768B62806ABB100F0AF24 /* Build configuration list for PBXNativeTarget "FeedLoader" */ = {
			isa = XCConfigurationList;
			buildConfigurations = (
				65E768B72806ABB100F0AF24 /* Debug */,
				65E768B82806ABB100F0AF24 /* Release */,
			);
			defaultConfigurationIsVisible = 0;
			defaultConfigurationName = Release;
		};
		65E768B92806ABB100F0AF24 /* Build configuration list for PBXNativeTarget "FeedLoaderTests" */ = {
			isa = XCConfigurationList;
			buildConfigurations = (
				65E768BA2806ABB100F0AF24 /* Debug */,
				65E768BB2806ABB100F0AF24 /* Release */,
			);
			defaultConfigurationIsVisible = 0;
			defaultConfigurationName = Release;
		};
		65E768BC2806ABB100F0AF24 /* Build configuration list for PBXNativeTarget "FeedLoaderUITests" */ = {
			isa = XCConfigurationList;
			buildConfigurations = (
				65E768BD2806ABB100F0AF24 /* Debug */,
				65E768BE2806ABB100F0AF24 /* Release */,
			);
			defaultConfigurationIsVisible = 0;
			defaultConfigurationName = Release;
		};
/* End XCConfigurationList section */
	};
	rootObject = 65E768842806ABAB00F0AF24 /* Project object */;
}
